
Microsoft Visual Studio Solution File, Format Version 12.00
# Visual Studio Express 2012 for Windows Desktop
Project("{FAE04EC0-301F-11D3-BF4B-00C04F79EFBC}") = "Extra Utility", "Extra Utility\Extra Utility.csproj", "{195A0228-13A7-40D5-9060-71E80A306FDD}"
EndProject
Global
	GlobalSection(SolutionConfigurationPlatforms) = preSolution
		Debug|Any CPU = Debug|Any CPU
		Release|Any CPU = Release|Any CPU
	EndGlobalSection
	GlobalSection(ProjectConfigurationPlatforms) = postSolution
		{195A0228-13A7-40D5-9060-71E80A306FDD}.Debug|Any CPU.ActiveCfg = Debug|Any CPU
		{195A0228-13A7-40D5-9060-71E80A306FDD}.Debug|Any CPU.Build.0 = Debug|Any CPU
		{195A0228-13A7-40D5-9060-71E80A306FDD}.Release|Any CPU.ActiveCfg = Release|Any CPU
		{195A0228-13A7-40D5-9060-71E80A306FDD}.Release|Any CPU.Build.0 = Release|Any CPU
	EndGlobalSection
	GlobalSection(SolutionProperties) = preSolution
		HideSolutionNode = FALSE
	EndGlobalSection
EndGlobal
