
Microsoft Visual Studio Solution File, Format Version 12.00
# Visual Studio 14
VisualStudioVersion = 14.0.23107.0
MinimumVisualStudioVersion = 10.0.40219.1
Project("{FAE04EC0-301F-11D3-BF4B-00C04F79EFBC}") = "MemeChatSharp", "MemeChatSharp\MemeChatSharp.csproj", "{B530C9A9-9055-49D2-A4E7-BA0B824F662B}"
EndProject
Global
	GlobalSection(SolutionConfigurationPlatforms) = preSolution
		Debug|Any CPU = Debug|Any CPU
		Release|Any CPU = Release|Any CPU
	EndGlobalSection
	GlobalSection(ProjectConfigurationPlatforms) = postSolution
		{B530C9A9-9055-49D2-A4E7-BA0B824F662B}.Debug|Any CPU.ActiveCfg = Debug|Any CPU
		{B530C9A9-9055-49D2-A4E7-BA0B824F662B}.Debug|Any CPU.Build.0 = Debug|Any CPU
		{B530C9A9-9055-49D2-A4E7-BA0B824F662B}.Release|Any CPU.ActiveCfg = Release|Any CPU
		{B530C9A9-9055-49D2-A4E7-BA0B824F662B}.Release|Any CPU.Build.0 = Release|Any CPU
	EndGlobalSection
	GlobalSection(SolutionProperties) = preSolution
		HideSolutionNode = FALSE
	EndGlobalSection
EndGlobal
