
Microsoft Visual Studio Solution File, Format Version 12.00
# Visual Studio Express 2012 for Windows Desktop
Project("{FAE04EC0-301F-11D3-BF4B-00C04F79EFBC}") = "Rek'Sai", "Rek'Sai\Rek'Sai.csproj", "{F52951D4-66BB-4630-A8B5-1ECF1970862C}"
EndProject
Global
	GlobalSection(SolutionConfigurationPlatforms) = preSolution
		Debug|Any CPU = Debug|Any CPU
		Release|Any CPU = Release|Any CPU
	EndGlobalSection
	GlobalSection(ProjectConfigurationPlatforms) = postSolution
		{F52951D4-66BB-4630-A8B5-1ECF1970862C}.Debug|Any CPU.ActiveCfg = Debug|Any CPU
		{F52951D4-66BB-4630-A8B5-1ECF1970862C}.Debug|Any CPU.Build.0 = Debug|Any CPU
		{F52951D4-66BB-4630-A8B5-1ECF1970862C}.Release|Any CPU.ActiveCfg = Release|Any CPU
		{F52951D4-66BB-4630-A8B5-1ECF1970862C}.Release|Any CPU.Build.0 = Release|Any CPU
	EndGlobalSection
	GlobalSection(SolutionProperties) = preSolution
		HideSolutionNode = FALSE
	EndGlobalSection
EndGlobal
