
Microsoft Visual Studio Solution File, Format Version 12.00
# Visual Studio Express 2012 for Windows Desktop
Project("{FAE04EC0-301F-11D3-BF4B-00C04F79EFBC}") = "WASD Controls", "WASD Controls\WASD Controls.csproj", "{82450D14-F74D-4B5F-B794-512DEF1BD0BA}"
EndProject
Global
	GlobalSection(SolutionConfigurationPlatforms) = preSolution
		Debug|Any CPU = Debug|Any CPU
		Release|Any CPU = Release|Any CPU
	EndGlobalSection
	GlobalSection(ProjectConfigurationPlatforms) = postSolution
		{82450D14-F74D-4B5F-B794-512DEF1BD0BA}.Debug|Any CPU.ActiveCfg = Debug|Any CPU
		{82450D14-F74D-4B5F-B794-512DEF1BD0BA}.Debug|Any CPU.Build.0 = Debug|Any CPU
		{82450D14-F74D-4B5F-B794-512DEF1BD0BA}.Release|Any CPU.ActiveCfg = Release|Any CPU
		{82450D14-F74D-4B5F-B794-512DEF1BD0BA}.Release|Any CPU.Build.0 = Release|Any CPU
	EndGlobalSection
	GlobalSection(SolutionProperties) = preSolution
		HideSolutionNode = FALSE
	EndGlobalSection
EndGlobal
