
Microsoft Visual Studio Solution File, Format Version 12.00
# Visual Studio Express 2012 for Windows Desktop
Project("{FAE04EC0-301F-11D3-BF4B-00C04F79EFBC}") = "TehGaren - Demacia's Heart", "TehGaren - Demacia's Heart\TehGaren - Demacia's Heart.csproj", "{057D43D3-9BEA-432E-907E-A5D4050B9735}"
EndProject
Global
	GlobalSection(SolutionConfigurationPlatforms) = preSolution
		Debug|Any CPU = Debug|Any CPU
		Release|Any CPU = Release|Any CPU
	EndGlobalSection
	GlobalSection(ProjectConfigurationPlatforms) = postSolution
		{057D43D3-9BEA-432E-907E-A5D4050B9735}.Debug|Any CPU.ActiveCfg = Debug|Any CPU
		{057D43D3-9BEA-432E-907E-A5D4050B9735}.Debug|Any CPU.Build.0 = Debug|Any CPU
		{057D43D3-9BEA-432E-907E-A5D4050B9735}.Release|Any CPU.ActiveCfg = Release|Any CPU
		{057D43D3-9BEA-432E-907E-A5D4050B9735}.Release|Any CPU.Build.0 = Release|Any CPU
	EndGlobalSection
	GlobalSection(SolutionProperties) = preSolution
		HideSolutionNode = FALSE
	EndGlobalSection
EndGlobal
