
Microsoft Visual Studio Solution File, Format Version 12.00
# Visual Studio Express 2012 for Windows Desktop
Project("{FAE04EC0-301F-11D3-BF4B-00C04F79EFBC}") = "IP Calculator", "IP Calculator\IP Calculator.csproj", "{BEDDED9F-E09D-4182-984F-483CCB1F99BA}"
EndProject
Global
	GlobalSection(SolutionConfigurationPlatforms) = preSolution
		Debug|Any CPU = Debug|Any CPU
		Release|Any CPU = Release|Any CPU
	EndGlobalSection
	GlobalSection(ProjectConfigurationPlatforms) = postSolution
		{BEDDED9F-E09D-4182-984F-483CCB1F99BA}.Debug|Any CPU.ActiveCfg = Debug|Any CPU
		{BEDDED9F-E09D-4182-984F-483CCB1F99BA}.Debug|Any CPU.Build.0 = Debug|Any CPU
		{BEDDED9F-E09D-4182-984F-483CCB1F99BA}.Release|Any CPU.ActiveCfg = Release|Any CPU
		{BEDDED9F-E09D-4182-984F-483CCB1F99BA}.Release|Any CPU.Build.0 = Release|Any CPU
	EndGlobalSection
	GlobalSection(SolutionProperties) = preSolution
		HideSolutionNode = FALSE
	EndGlobalSection
EndGlobal
